<?xml version="1.0" encoding="utf-8"?>
<Project ToolsVersion="4.0" xmlns="http://schemas.microsoft.com/developer/msbuild/2003">
  <ItemGroup>
    <Filter Include="Source Files">
      <UniqueIdentifier>{4FC737F1-C7A5-4376-A066-2A32D752A2FF}</UniqueIdentifier>
      <Extensions>cpp;c;cc;cxx;def;odl;idl;hpj;bat;asm;asmx</Extensions>
    </Filter>
    <Filter Include="Header Files">
      <UniqueIdentifier>{93995380-89BD-4b04-88EB-625FBE52EBFB}</UniqueIdentifier>
      <Extensions>h;hpp;hxx;hm;inl;inc;xsd</Extensions>
    </Filter>
    <Filter Include="Resource Files">
      <UniqueIdentifier>{67DA6AB6-F800-4c08-8B7A-83BB121AAD01}</UniqueIdentifier>
      <Extensions>rc;ico;cur;bmp;dlg;rc2;rct;bin;rgs;gif;jpg;jpeg;jpe;resx;tiff;tif;png;wav</Extensions>
    </Filter>
    <Filter Include="SourceMod SDK">
      <UniqueIdentifier>{31958233-BB2D-4e41-A8F9-CE8A4684F436}</UniqueIdentifier>
    </Filter>
    <Filter Include="Header Files\BitBuffer">
      <UniqueIdentifier>{d020c637-8804-45eb-8761-a3015a112f8d}</UniqueIdentifier>
    </Filter>
    <Filter Include="Source Files\BitBuffer">
      <UniqueIdentifier>{940aa5ff-8113-488c-912e-1a891d51abaa}</UniqueIdentifier>
    </Filter>
    <Filter Include="Header Files\ProtoDefs">
      <UniqueIdentifier>{d0c82a92-f4a3-4ef2-bb42-7b499d783f02}</UniqueIdentifier>
    </Filter>
    <Filter Include="Header Files\Protobuf">
      <UniqueIdentifier>{cf832a85-9316-4808-82be-50ef61affcc7}</UniqueIdentifier>
    </Filter>
    <Filter Include="Source Files\Protobuf">
      <UniqueIdentifier>{024a796e-78c1-47f0-ae16-bd465318f8f4}</UniqueIdentifier>
    </Filter>
    <Filter Include="Source Files\ProtoDefs">
      <UniqueIdentifier>{81a6ae62-c28a-4c02-8778-818d4f0b3d0b}</UniqueIdentifier>
    </Filter>
  </ItemGroup>
  <ItemGroup>
    <ClCompile Include="..\extension.cpp">
      <Filter>Source Files</Filter>
    </ClCompile>
    <ClCompile Include="..\sdk\smsdk_ext.cpp">
      <Filter>SourceMod SDK</Filter>
    </ClCompile>
    <ClCompile Include="protobuf\netmessages.pb.cc">
      <Filter>Source Files\ProtoDefs</Filter>
    </ClCompile>
    <ClCompile Include="smn_protobuf.cpp">
      <Filter>Source Files\Protobuf</Filter>
    </ClCompile>
    <ClCompile Include="smn_bitbuf.cpp">
      <Filter>Source Files\BitBuffer</Filter>
    </ClCompile>
  </ItemGroup>
  <ItemGroup>
    <ClInclude Include="..\extension.h">
      <Filter>Header Files</Filter>
    </ClInclude>
    <ClInclude Include="..\sdk\smsdk_config.h">
      <Filter>SourceMod SDK</Filter>
    </ClInclude>
    <ClInclude Include="..\sdk\smsdk_ext.h">
      <Filter>SourceMod SDK</Filter>
    </ClInclude>
    <ClInclude Include="CSMBitBuf.h">
      <Filter>Header Files\BitBuffer</Filter>
    </ClInclude>
    <ClInclude Include="protobuf\netmessages.pb.h">
      <Filter>Header Files\ProtoDefs</Filter>
    </ClInclude>
    <ClInclude Include="UserMessagePBHelpers.h">
      <Filter>Header Files\Protobuf</Filter>
    </ClInclude>
    <ClInclude Include="inetchannel.h">
      <Filter>Header Files</Filter>
    </ClInclude>
    <ClInclude Include="CSmProtobuf.h">
      <Filter>Header Files\BitBuffer</Filter>
    </ClInclude>
    <ClInclude Include="CSmObject.h">
      <Filter>Header Files\BitBuffer</Filter>
    </ClInclude>
  </ItemGroup>
  <ItemGroup>
    <None Include="protobuf\netmessages.proto">
      <Filter>Header Files\ProtoDefs</Filter>
    </None>
  </ItemGroup>
</Project>